
Microsoft Visual Studio Solution File, Format Version 12.00
# Visual Studio 2013
VisualStudioVersion = 12.0.31101.0
MinimumVisualStudioVersion = 10.0.40219.1
Project("{FAE04EC0-301F-11D3-BF4B-00C04F79EFBC}") = "AlertSense.PingPong", "AlertSense.PingPong\AlertSense.PingPong.csproj", "{4389B305-B381-4B50-B1A8-BBB5259A0524}"
EndProject
Project("{FAE04EC0-301F-11D3-BF4B-00C04F79EFBC}") = "AlertSense.PingPong.ServiceModel", "AlertSense.PingPong.ServiceModel\AlertSense.PingPong.ServiceModel.csproj", "{53E82AC1-DD1D-4C66-B55F-F9F4ACFB2F40}"
EndProject
Project("{FAE04EC0-301F-11D3-BF4B-00C04F79EFBC}") = "AlertSense.PingPong.ServiceInterface", "AlertSense.PingPong.ServiceInterface\AlertSense.PingPong.ServiceInterface.csproj", "{801A0F89-D5F6-49A6-BCEA-6624388C98A4}"
EndProject
Project("{FAE04EC0-301F-11D3-BF4B-00C04F79EFBC}") = "AlertSense.PingPong.Domain", "AlertSense.PingPong.Domain\AlertSense.PingPong.Domain.csproj", "{857513A3-8FEF-491B-8255-F1221AC11E7F}"
EndProject
Project("{FAE04EC0-301F-11D3-BF4B-00C04F79EFBC}") = "AlertSense.PingPong.Common", "AlertSense.PingPong.Common\AlertSense.PingPong.Common.csproj", "{A93FC2E3-31DC-4086-BFE2-57FD83FED9EB}"
EndProject
Project("{2150E333-8FDC-42A3-9474-1A3956D46DE8}") = "Tests", "Tests", "{624F2491-CD05-4808-8E37-B75988647FB9}"
EndProject
Project("{FAE04EC0-301F-11D3-BF4B-00C04F79EFBC}") = "AlertSense.PingPong.Domain.Tests", "AlertSense.PingPong.Domain.Tests\AlertSense.PingPong.Domain.Tests.csproj", "{DB3DC011-FC13-4609-8B76-A39D4A6FB0F6}"
EndProject
Project("{FAE04EC0-301F-11D3-BF4B-00C04F79EFBC}") = "AlertSense.PingPong.Data", "AlertSense.PingPong.Data\AlertSense.PingPong.Data.csproj", "{EDECFAD3-30B0-4CF9-BFF0-3EA435227B93}"
EndProject
Project("{2150E333-8FDC-42A3-9474-1A3956D46DE8}") = "Raspberry", "Raspberry", "{72C1F5BF-E531-40CC-854F-0C19B6CC02A6}"
EndProject
Project("{2150E333-8FDC-42A3-9474-1A3956D46DE8}") = ".nuget", ".nuget", "{73606A1B-25B3-4BA3-9B1D-60161AD9A543}"
	ProjectSection(SolutionItems) = preProject
		.nuget\NuGet.Config = .nuget\NuGet.Config
		.nuget\NuGet.exe = .nuget\NuGet.exe
		.nuget\NuGet.targets = .nuget\NuGet.targets
	EndProjectSection
EndProject
Project("{FAE04EC0-301F-11D3-BF4B-00C04F79EFBC}") = "AlertSense.PingPong.Raspberry.IO", "Raspberry\AlertSense.PingPong.Raspberry.IO\AlertSense.PingPong.Raspberry.IO.csproj", "{26075A83-F419-4918-8DC9-340B8EEFCFB6}"
EndProject
Project("{FAE04EC0-301F-11D3-BF4B-00C04F79EFBC}") = "PingPongRef", "Raspberry\PingPongRef\PingPongRef.csproj", "{A098FF80-F8BC-4242-A96D-EB0E9187B18E}"
EndProject
Project("{FAE04EC0-301F-11D3-BF4B-00C04F79EFBC}") = "AlertSense.PingPong.ServiceInterface.IntegrationTests", "AlertSense.PingPong.ServiceInterface.IntegrationTests\AlertSense.PingPong.ServiceInterface.IntegrationTests.csproj", "{F31E6D06-D189-45B0-8713-DE5071015811}"
EndProject
Global
	GlobalSection(SolutionConfigurationPlatforms) = preSolution
		Debug|Any CPU = Debug|Any CPU
		Release|Any CPU = Release|Any CPU
	EndGlobalSection
	GlobalSection(ProjectConfigurationPlatforms) = postSolution
		{4389B305-B381-4B50-B1A8-BBB5259A0524}.Debug|Any CPU.ActiveCfg = Debug|Any CPU
		{4389B305-B381-4B50-B1A8-BBB5259A0524}.Debug|Any CPU.Build.0 = Debug|Any CPU
		{4389B305-B381-4B50-B1A8-BBB5259A0524}.Release|Any CPU.ActiveCfg = Release|Any CPU
		{4389B305-B381-4B50-B1A8-BBB5259A0524}.Release|Any CPU.Build.0 = Release|Any CPU
		{53E82AC1-DD1D-4C66-B55F-F9F4ACFB2F40}.Debug|Any CPU.ActiveCfg = Debug|Any CPU
		{53E82AC1-DD1D-4C66-B55F-F9F4ACFB2F40}.Debug|Any CPU.Build.0 = Debug|Any CPU
		{53E82AC1-DD1D-4C66-B55F-F9F4ACFB2F40}.Release|Any CPU.ActiveCfg = Release|Any CPU
		{53E82AC1-DD1D-4C66-B55F-F9F4ACFB2F40}.Release|Any CPU.Build.0 = Release|Any CPU
		{801A0F89-D5F6-49A6-BCEA-6624388C98A4}.Debug|Any CPU.ActiveCfg = Debug|Any CPU
		{801A0F89-D5F6-49A6-BCEA-6624388C98A4}.Debug|Any CPU.Build.0 = Debug|Any CPU
		{801A0F89-D5F6-49A6-BCEA-6624388C98A4}.Release|Any CPU.ActiveCfg = Release|Any CPU
		{801A0F89-D5F6-49A6-BCEA-6624388C98A4}.Release|Any CPU.Build.0 = Release|Any CPU
		{857513A3-8FEF-491B-8255-F1221AC11E7F}.Debug|Any CPU.ActiveCfg = Debug|Any CPU
		{857513A3-8FEF-491B-8255-F1221AC11E7F}.Debug|Any CPU.Build.0 = Debug|Any CPU
		{857513A3-8FEF-491B-8255-F1221AC11E7F}.Release|Any CPU.ActiveCfg = Release|Any CPU
		{857513A3-8FEF-491B-8255-F1221AC11E7F}.Release|Any CPU.Build.0 = Release|Any CPU
		{A93FC2E3-31DC-4086-BFE2-57FD83FED9EB}.Debug|Any CPU.ActiveCfg = Debug|Any CPU
		{A93FC2E3-31DC-4086-BFE2-57FD83FED9EB}.Debug|Any CPU.Build.0 = Debug|Any CPU
		{A93FC2E3-31DC-4086-BFE2-57FD83FED9EB}.Release|Any CPU.ActiveCfg = Release|Any CPU
		{A93FC2E3-31DC-4086-BFE2-57FD83FED9EB}.Release|Any CPU.Build.0 = Release|Any CPU
		{DB3DC011-FC13-4609-8B76-A39D4A6FB0F6}.Debug|Any CPU.ActiveCfg = Debug|Any CPU
		{DB3DC011-FC13-4609-8B76-A39D4A6FB0F6}.Debug|Any CPU.Build.0 = Debug|Any CPU
		{DB3DC011-FC13-4609-8B76-A39D4A6FB0F6}.Release|Any CPU.ActiveCfg = Release|Any CPU
		{DB3DC011-FC13-4609-8B76-A39D4A6FB0F6}.Release|Any CPU.Build.0 = Release|Any CPU
		{EDECFAD3-30B0-4CF9-BFF0-3EA435227B93}.Debug|Any CPU.ActiveCfg = Debug|Any CPU
		{EDECFAD3-30B0-4CF9-BFF0-3EA435227B93}.Debug|Any CPU.Build.0 = Debug|Any CPU
		{EDECFAD3-30B0-4CF9-BFF0-3EA435227B93}.Release|Any CPU.ActiveCfg = Release|Any CPU
		{EDECFAD3-30B0-4CF9-BFF0-3EA435227B93}.Release|Any CPU.Build.0 = Release|Any CPU
		{26075A83-F419-4918-8DC9-340B8EEFCFB6}.Debug|Any CPU.ActiveCfg = Debug|Any CPU
		{26075A83-F419-4918-8DC9-340B8EEFCFB6}.Debug|Any CPU.Build.0 = Debug|Any CPU
		{26075A83-F419-4918-8DC9-340B8EEFCFB6}.Release|Any CPU.ActiveCfg = Release|Any CPU
		{26075A83-F419-4918-8DC9-340B8EEFCFB6}.Release|Any CPU.Build.0 = Release|Any CPU
		{A098FF80-F8BC-4242-A96D-EB0E9187B18E}.Debug|Any CPU.ActiveCfg = Debug|Any CPU
		{A098FF80-F8BC-4242-A96D-EB0E9187B18E}.Debug|Any CPU.Build.0 = Debug|Any CPU
		{A098FF80-F8BC-4242-A96D-EB0E9187B18E}.Release|Any CPU.ActiveCfg = Release|Any CPU
		{A098FF80-F8BC-4242-A96D-EB0E9187B18E}.Release|Any CPU.Build.0 = Release|Any CPU
		{F31E6D06-D189-45B0-8713-DE5071015811}.Debug|Any CPU.ActiveCfg = Debug|Any CPU
		{F31E6D06-D189-45B0-8713-DE5071015811}.Debug|Any CPU.Build.0 = Debug|Any CPU
		{F31E6D06-D189-45B0-8713-DE5071015811}.Release|Any CPU.ActiveCfg = Release|Any CPU
		{F31E6D06-D189-45B0-8713-DE5071015811}.Release|Any CPU.Build.0 = Release|Any CPU
	EndGlobalSection
	GlobalSection(SolutionProperties) = preSolution
		HideSolutionNode = FALSE
	EndGlobalSection
	GlobalSection(NestedProjects) = preSolution
		{DB3DC011-FC13-4609-8B76-A39D4A6FB0F6} = {624F2491-CD05-4808-8E37-B75988647FB9}
		{26075A83-F419-4918-8DC9-340B8EEFCFB6} = {72C1F5BF-E531-40CC-854F-0C19B6CC02A6}
		{A098FF80-F8BC-4242-A96D-EB0E9187B18E} = {72C1F5BF-E531-40CC-854F-0C19B6CC02A6}
		{F31E6D06-D189-45B0-8713-DE5071015811} = {624F2491-CD05-4808-8E37-B75988647FB9}
	EndGlobalSection
EndGlobal
